// !$*UTF8*$!
{
	archiveVersion = 1;
	classes = {
	};
	objectVersion = 46;
	objects = {

/* Begin PBXBuildFile section */
		99114C881B34AF95002E7FC5 /* AppDelegate.swift in Sources */ = {isa = PBXBuildFile; fileRef = 99114C871B34AF95002E7FC5 /* AppDelegate.swift */; };
		99114C8A1B34AF95002E7FC5 /* Images.xcassets in Resources */ = {isa = PBXBuildFile; fileRef = 99114C891B34AF95002E7FC5 /* Images.xcassets */; };
		99114C8D1B34AF96002E7FC5 /* MainMenu.xib in Resources */ = {isa = PBXBuildFile; fileRef = 99114C8B1B34AF96002E7FC5 /* MainMenu.xib */; };
		99114C991B34AF96002E7FC5 /* BekantTests.swift in Sources */ = {isa = PBXBuildFile; fileRef = 99114C981B34AF96002E7FC5 /* BekantTests.swift */; };
		99114CA91B34B105002E7FC5 /* HID.m in Sources */ = {isa = PBXBuildFile; fileRef = 99114CA81B34B105002E7FC5 /* HID.m */; };
		99114CAD1B34B246002E7FC5 /* hid.c in Sources */ = {isa = PBXBuildFile; fileRef = 99114CAC1B34B246002E7FC5 /* hid.c */; };
		99D56FD31B91F1BD00EEEFC1 /* Main.swift in Sources */ = {isa = PBXBuildFile; fileRef = 99D56FD21B91F1BD00EEEFC1 /* Main.swift */; };
/* End PBXBuildFile section */

/* Begin PBXContainerItemProxy section */
		99114C931B34AF96002E7FC5 /* PBXContainerItemProxy */ = {
			isa = PBXContainerItemProxy;
			containerPortal = 99114C7A1B34AF95002E7FC5 /* Project object */;
			proxyType = 1;
			remoteGlobalIDString = 99114C811B34AF95002E7FC5;
			remoteInfo = Bekant;
		};
/* End PBXContainerItemProxy section */

/* Begin PBXFileReference section */
		99114C821B34AF95002E7FC5 /* Bekant.app */ = {isa = PBXFileReference; explicitFileType = wrapper.application; includeInIndex = 0; path = Bekant.app; sourceTree = BUILT_PRODUCTS_DIR; };
		99114C861B34AF95002E7FC5 /* Info.plist */ = {isa = PBXFileReference; lastKnownFileType = text.plist.xml; path = Info.plist; sourceTree = "<group>"; };
		99114C871B34AF95002E7FC5 /* AppDelegate.swift */ = {isa = PBXFileReference; lastKnownFileType = sourcecode.swift; path = AppDelegate.swift; sourceTree = "<group>"; };
		99114C891B34AF95002E7FC5 /* Images.xcassets */ = {isa = PBXFileReference; lastKnownFileType = folder.assetcatalog; path = Images.xcassets; sourceTree = "<group>"; };
		99114C8C1B34AF96002E7FC5 /* Base */ = {isa = PBXFileReference; lastKnownFileType = file.xib; name = Base; path = Base.lproj/MainMenu.xib; sourceTree = "<group>"; };
		99114C921B34AF96002E7FC5 /* BekantTests.xctest */ = {isa = PBXFileReference; explicitFileType = wrapper.cfbundle; includeInIndex = 0; path = BekantTests.xctest; sourceTree = BUILT_PRODUCTS_DIR; };
		99114C971B34AF96002E7FC5 /* Info.plist */ = {isa = PBXFileReference; lastKnownFileType = text.plist.xml; path = Info.plist; sourceTree = "<group>"; };
		99114C981B34AF96002E7FC5 /* BekantTests.swift */ = {isa = PBXFileReference; lastKnownFileType = sourcecode.swift; path = BekantTests.swift; sourceTree = "<group>"; };
		99114CA21B34AFA5002E7FC5 /* Bekant-Bridging-Header.h */ = {isa = PBXFileReference; lastKnownFileType = sourcecode.c.h; path = "Bekant-Bridging-Header.h"; sourceTree = "<group>"; };
		99114CA61B34AFD6002E7FC5 /* hidapi.h */ = {isa = PBXFileReference; lastKnownFileType = sourcecode.c.h; path = hidapi.h; sourceTree = "<group>"; };
		99114CA71B34B105002E7FC5 /* HID.h */ = {isa = PBXFileReference; fileEncoding = 4; lastKnownFileType = sourcecode.c.h; path = HID.h; sourceTree = "<group>"; };
		99114CA81B34B105002E7FC5 /* HID.m */ = {isa = PBXFileReference; fileEncoding = 4; lastKnownFileType = sourcecode.c.objc; path = HID.m; sourceTree = "<group>"; };
		99114CAC1B34B246002E7FC5 /* hid.c */ = {isa = PBXFileReference; fileEncoding = 4; lastKnownFileType = sourcecode.c.c; path = hid.c; sourceTree = "<group>"; };
		99D56FD21B91F1BD00EEEFC1 /* Main.swift */ = {isa = PBXFileReference; fileEncoding = 4; lastKnownFileType = sourcecode.swift; path = Main.swift; sourceTree = "<group>"; };
/* End PBXFileReference section */

/* Begin PBXFrameworksBuildPhase section */
		99114C7F1B34AF95002E7FC5 /* Frameworks */ = {
			isa = PBXFrameworksBuildPhase;
			buildActionMask = 2147483647;
			files = (
			);
			runOnlyForDeploymentPostprocessing = 0;
		};
		99114C8F1B34AF96002E7FC5 /* Frameworks */ = {
			isa = PBXFrameworksBuildPhase;
			buildActionMask = 2147483647;
			files = (
			);
			runOnlyForDeploymentPostprocessing = 0;
		};
/* End PBXFrameworksBuildPhase section */

/* Begin PBXGroup section */
		99114C791B34AF95002E7FC5 = {
			isa = PBXGroup;
			children = (
				99114C841B34AF95002E7FC5 /* Bekant */,
				99114C951B34AF96002E7FC5 /* BekantTests */,
				99114C831B34AF95002E7FC5 /* Products */,
			);
			sourceTree = "<group>";
		};
		99114C831B34AF95002E7FC5 /* Products */ = {
			isa = PBXGroup;
			children = (
				99114C821B34AF95002E7FC5 /* Bekant.app */,
				99114C921B34AF96002E7FC5 /* BekantTests.xctest */,
			);
			name = Products;
			sourceTree = "<group>";
		};
		99114C841B34AF95002E7FC5 /* Bekant */ = {
			isa = PBXGroup;
			children = (
				99114C871B34AF95002E7FC5 /* AppDelegate.swift */,
				99114C891B34AF95002E7FC5 /* Images.xcassets */,
				99114C8B1B34AF96002E7FC5 /* MainMenu.xib */,
				99114C851B34AF95002E7FC5 /* Supporting Files */,
				99114CA71B34B105002E7FC5 /* HID.h */,
				99114CA81B34B105002E7FC5 /* HID.m */,
				99114CAC1B34B246002E7FC5 /* hid.c */,
				99114CA61B34AFD6002E7FC5 /* hidapi.h */,
				99114CA21B34AFA5002E7FC5 /* Bekant-Bridging-Header.h */,
				99D56FD21B91F1BD00EEEFC1 /* Main.swift */,
			);
			path = Bekant;
			sourceTree = "<group>";
		};
		99114C851B34AF95002E7FC5 /* Supporting Files */ = {
			isa = PBXGroup;
			children = (
				99114C861B34AF95002E7FC5 /* Info.plist */,
			);
			name = "Supporting Files";
			sourceTree = "<group>";
		};
		99114C951B34AF96002E7FC5 /* BekantTests */ = {
			isa = PBXGroup;
			children = (
				99114C981B34AF96002E7FC5 /* BekantTests.swift */,
				99114C961B34AF96002E7FC5 /* Supporting Files */,
			);
			path = BekantTests;
			sourceTree = "<group>";
		};
		99114C961B34AF96002E7FC5 /* Supporting Files */ = {
			isa = PBXGroup;
			children = (
				99114C971B34AF96002E7FC5 /* Info.plist */,
			);
			name = "Supporting Files";
			sourceTree = "<group>";
		};
/* End PBXGroup section */

/* Begin PBXNativeTarget section */
		99114C811B34AF95002E7FC5 /* Bekant */ = {
			isa = PBXNativeTarget;
			buildConfigurationList = 99114C9C1B34AF96002E7FC5 /* Build configuration list for PBXNativeTarget "Bekant" */;
			buildPhases = (
				99114C7E1B34AF95002E7FC5 /* Sources */,
				99114C7F1B34AF95002E7FC5 /* Frameworks */,
				99114C801B34AF95002E7FC5 /* Resources */,
			);
			buildRules = (
			);
			dependencies = (
			);
			name = Bekant;
			productName = Bekant;
			productReference = 99114C821B34AF95002E7FC5 /* Bekant.app */;
			productType = "com.apple.product-type.application";
		};
		99114C911B34AF96002E7FC5 /* BekantTests */ = {
			isa = PBXNativeTarget;
			buildConfigurationList = 99114C9F1B34AF96002E7FC5 /* Build configuration list for PBXNativeTarget "BekantTests" */;
			buildPhases = (
				99114C8E1B34AF96002E7FC5 /* Sources */,
				99114C8F1B34AF96002E7FC5 /* Frameworks */,
				99114C901B34AF96002E7FC5 /* Resources */,
			);
			buildRules = (
			);
			dependencies = (
				99114C941B34AF96002E7FC5 /* PBXTargetDependency */,
			);
			name = BekantTests;
			productName = BekantTests;
			productReference = 99114C921B34AF96002E7FC5 /* BekantTests.xctest */;
			productType = "com.apple.product-type.bundle.unit-test";
		};
/* End PBXNativeTarget section */

/* Begin PBXProject section */
		99114C7A1B34AF95002E7FC5 /* Project object */ = {
			isa = PBXProject;
			attributes = {
				LastSwiftMigration = 0700;
				LastSwiftUpdateCheck = 0700;
				LastUpgradeCheck = 0630;
				ORGANIZATIONNAME = "Vojtech Rinik";
				TargetAttributes = {
					99114C811B34AF95002E7FC5 = {
						CreatedOnToolsVersion = 6.3.2;
					};
					99114C911B34AF96002E7FC5 = {
						CreatedOnToolsVersion = 6.3.2;
						TestTargetID = 99114C811B34AF95002E7FC5;
					};
				};
			};
			buildConfigurationList = 99114C7D1B34AF95002E7FC5 /* Build configuration list for PBXProject "Bekant" */;
			compatibilityVersion = "Xcode 3.2";
			developmentRegion = English;
			hasScannedForEncodings = 0;
			knownRegions = (
				en,
				Base,
			);
			mainGroup = 99114C791B34AF95002E7FC5;
			productRefGroup = 99114C831B34AF95002E7FC5 /* Products */;
			projectDirPath = "";
			projectRoot = "";
			targets = (
				99114C811B34AF95002E7FC5 /* Bekant */,
				99114C911B34AF96002E7FC5 /* BekantTests */,
			);
		};
/* End PBXProject section */

/* Begin PBXResourcesBuildPhase section */
		99114C801B34AF95002E7FC5 /* Resources */ = {
			isa = PBXResourcesBuildPhase;
			buildActionMask = 2147483647;
			files = (
				99114C8A1B34AF95002E7FC5 /* Images.xcassets in Resources */,
				99114C8D1B34AF96002E7FC5 /* MainMenu.xib in Resources */,
			);
			runOnlyForDeploymentPostprocessing = 0;
		};
		99114C901B34AF96002E7FC5 /* Resources */ = {
			isa = PBXResourcesBuildPhase;
			buildActionMask = 2147483647;
			files = (
			);
			runOnlyForDeploymentPostprocessing = 0;
		};
/* End PBXResourcesBuildPhase section */

/* Begin PBXSourcesBuildPhase section */
		99114C7E1B34AF95002E7FC5 /* Sources */ = {
			isa = PBXSourcesBuildPhase;
			buildActionMask = 2147483647;
			files = (
				99114CAD1B34B246002E7FC5 /* hid.c in Sources */,
				99114CA91B34B105002E7FC5 /* HID.m in Sources */,
				99D56FD31B91F1BD00EEEFC1 /* Main.swift in Sources */,
				99114C881B34AF95002E7FC5 /* AppDelegate.swift in Sources */,
			);
			runOnlyForDeploymentPostprocessing = 0;
		};
		99114C8E1B34AF96002E7FC5 /* Sources */ = {
			isa = PBXSourcesBuildPhase;
			buildActionMask = 2147483647;
			files = (
				99114C991B34AF96002E7FC5 /* BekantTests.swift in Sources */,
			);
			runOnlyForDeploymentPostprocessing = 0;
		};
/* End PBXSourcesBuildPhase section */

/* Begin PBXTargetDependency section */
		99114C941B34AF96002E7FC5 /* PBXTargetDependency */ = {
			isa = PBXTargetDependency;
			target = 99114C811B34AF95002E7FC5 /* Bekant */;
			targetProxy = 99114C931B34AF96002E7FC5 /* PBXContainerItemProxy */;
		};
/* End PBXTargetDependency section */

/* Begin PBXVariantGroup section */
		99114C8B1B34AF96002E7FC5 /* MainMenu.xib */ = {
			isa = PBXVariantGroup;
			children = (
				99114C8C1B34AF96002E7FC5 /* Base */,
			);
			name = MainMenu.xib;
			sourceTree = "<group>";
		};
/* End PBXVariantGroup section */

/* Begin XCBuildConfiguration section */
		99114C9A1B34AF96002E7FC5 /* Debug */ = {
			isa = XCBuildConfiguration;
			buildSettings = {
				ALWAYS_SEARCH_USER_PATHS = NO;
				CLANG_CXX_LANGUAGE_STANDARD = "gnu++0x";
				CLANG_CXX_LIBRARY = "libc++";
				CLANG_ENABLE_MODULES = YES;
				CLANG_ENABLE_OBJC_ARC = YES;
				CLANG_WARN_BOOL_CONVERSION = YES;
				CLANG_WARN_CONSTANT_CONVERSION = YES;
				CLANG_WARN_DIRECT_OBJC_ISA_USAGE = YES_ERROR;
				CLANG_WARN_EMPTY_BODY = YES;
				CLANG_WARN_ENUM_CONVERSION = YES;
				CLANG_WARN_INT_CONVERSION = YES;
				CLANG_WARN_OBJC_ROOT_CLASS = YES_ERROR;
				CLANG_WARN_UNREACHABLE_CODE = YES;
				CLANG_WARN__DUPLICATE_METHOD_MATCH = YES;
				CODE_SIGN_IDENTITY = "-";
				COPY_PHASE_STRIP = NO;
				DEBUG_INFORMATION_FORMAT = dwarf;
				ENABLE_STRICT_OBJC_MSGSEND = YES;
				GCC_C_LANGUAGE_STANDARD = gnu99;
				GCC_DYNAMIC_NO_PIC = NO;
				GCC_NO_COMMON_BLOCKS = YES;
				GCC_OPTIMIZATION_LEVEL = 0;
				GCC_PREPROCESSOR_DEFINITIONS = (
					"DEBUG=1",
					"$(inherited)",
				);
				GCC_SYMBOLS_PRIVATE_EXTERN = NO;
				GCC_WARN_64_TO_32_BIT_CONVERSION = YES;
				GCC_WARN_ABOUT_RETURN_TYPE = YES_ERROR;
				GCC_WARN_UNDECLARED_SELECTOR = YES;
				GCC_WARN_UNINITIALIZED_AUTOS = YES_AGGRESSIVE;
				GCC_WARN_UNUSED_FUNCTION = YES;
				GCC_WARN_UNUSED_VARIABLE = YES;
				MACOSX_DEPLOYMENT_TARGET = 10.10;
				MTL_ENABLE_DEBUG_INFO = YES;
				ONLY_ACTIVE_ARCH = YES;
				SDKROOT = macosx;
				SWIFT_OPTIMIZATION_LEVEL = "-Onone";
			};
			name = Debug;
		};
		99114C9B1B34AF96002E7FC5 /* Release */ = {
			isa = XCBuildConfiguration;
			buildSettings = {
				ALWAYS_SEARCH_USER_PATHS = NO;
				CLANG_CXX_LANGUAGE_STANDARD = "gnu++0x";
				CLANG_CXX_LIBRARY = "libc++";
				CLANG_ENABLE_MODULES = YES;
				CLANG_ENABLE_OBJC_ARC = YES;
				CLANG_WARN_BOOL_CONVERSION = YES;
				CLANG_WARN_CONSTANT_CONVERSION = YES;
				CLANG_WARN_DIRECT_OBJC_ISA_USAGE = YES_ERROR;
				CLANG_WARN_EMPTY_BODY = YES;
				CLANG_WARN_ENUM_CONVERSION = YES;
				CLANG_WARN_INT_CONVERSION = YES;
				CLANG_WARN_OBJC_ROOT_CLASS = YES_ERROR;
				CLANG_WARN_UNREACHABLE_CODE = YES;
				CLANG_WARN__DUPLICATE_METHOD_MATCH = YES;
				CODE_SIGN_IDENTITY = "-";
				COPY_PHASE_STRIP = NO;
				DEBUG_INFORMATION_FORMAT = "dwarf-with-dsym";
				ENABLE_NS_ASSERTIONS = NO;
				ENABLE_STRICT_OBJC_MSGSEND = YES;
				GCC_C_LANGUAGE_STANDARD = gnu99;
				GCC_NO_COMMON_BLOCKS = YES;
				GCC_WARN_64_TO_32_BIT_CONVERSION = YES;
				GCC_WARN_ABOUT_RETURN_TYPE = YES_ERROR;
				GCC_WARN_UNDECLARED_SELECTOR = YES;
				GCC_WARN_UNINITIALIZED_AUTOS = YES_AGGRESSIVE;
				GCC_WARN_UNUSED_FUNCTION = YES;
				GCC_WARN_UNUSED_VARIABLE = YES;
				MACOSX_DEPLOYMENT_TARGET = 10.10;
				MTL_ENABLE_DEBUG_INFO = NO;
				SDKROOT = macosx;
			};
			name = Release;
		};
		99114C9D1B34AF96002E7FC5 /* Debug */ = {
			isa = XCBuildConfiguration;
			buildSettings = {
				ASSETCATALOG_COMPILER_APPICON_NAME = AppIcon;
				CLANG_ENABLE_MODULES = YES;
				COMBINE_HIDPI_IMAGES = YES;
				INFOPLIST_FILE = Bekant/Info.plist;
				LD_RUNPATH_SEARCH_PATHS = "$(inherited) @executable_path/../Frameworks";
				PRODUCT_NAME = "$(TARGET_NAME)";
				SWIFT_OBJC_BRIDGING_HEADER = "Bekant/Bekant-Bridging-Header.h";
				SWIFT_OPTIMIZATION_LEVEL = "-Onone";
			};
			name = Debug;
		};
		99114C9E1B34AF96002E7FC5 /* Release */ = {
			isa = XCBuildConfiguration;
			buildSettings = {
				ASSETCATALOG_COMPILER_APPICON_NAME = AppIcon;
				CLANG_ENABLE_MODULES = YES;
				COMBINE_HIDPI_IMAGES = YES;
				INFOPLIST_FILE = Bekant/Info.plist;
				LD_RUNPATH_SEARCH_PATHS = "$(inherited) @executable_path/../Frameworks";
				PRODUCT_NAME = "$(TARGET_NAME)";
				SWIFT_OBJC_BRIDGING_HEADER = "Bekant/Bekant-Bridging-Header.h";
			};
			name = Release;
		};
		99114CA01B34AF96002E7FC5 /* Debug */ = {
			isa = XCBuildConfiguration;
			buildSettings = {
				BUNDLE_LOADER = "$(TEST_HOST)";
				COMBINE_HIDPI_IMAGES = YES;
				FRAMEWORK_SEARCH_PATHS = (
					"$(DEVELOPER_FRAMEWORKS_DIR)",
					"$(inherited)",
				);
				GCC_PREPROCESSOR_DEFINITIONS = (
					"DEBUG=1",
					"$(inherited)",
				);
				INFOPLIST_FILE = BekantTests/Info.plist;
				LD_RUNPATH_SEARCH_PATHS = "$(inherited) @executable_path/../Frameworks @loader_path/../Frameworks";
				PRODUCT_NAME = "$(TARGET_NAME)";
				TEST_HOST = "$(BUILT_PRODUCTS_DIR)/Bekant.app/Contents/MacOS/Bekant";
			};
			name = Debug;
		};
		99114CA11B34AF96002E7FC5 /* Release */ = {
			isa = XCBuildConfiguration;
			buildSettings = {
				BUNDLE_LOADER = "$(TEST_HOST)";
				COMBINE_HIDPI_IMAGES = YES;
				FRAMEWORK_SEARCH_PATHS = (
					"$(DEVELOPER_FRAMEWORKS_DIR)",
					"$(inherited)",
				);
				INFOPLIST_FILE = BekantTests/Info.plist;
				LD_RUNPATH_SEARCH_PATHS = "$(inherited) @executable_path/../Frameworks @loader_path/../Frameworks";
				PRODUCT_NAME = "$(TARGET_NAME)";
				TEST_HOST = "$(BUILT_PRODUCTS_DIR)/Bekant.app/Contents/MacOS/Bekant";
			};
			name = Release;
		};
/* End XCBuildConfiguration section */

/* Begin XCConfigurationList section */
		99114C7D1B34AF95002E7FC5 /* Build configuration list for PBXProject "Bekant" */ = {
			isa = XCConfigurationList;
			buildConfigurations = (
				99114C9A1B34AF96002E7FC5 /* Debug */,
				99114C9B1B34AF96002E7FC5 /* Release */,
			);
			defaultConfigurationIsVisible = 0;
			defaultConfigurationName = Release;
		};
		99114C9C1B34AF96002E7FC5 /* Build configuration list for PBXNativeTarget "Bekant" */ = {
			isa = XCConfigurationList;
			buildConfigurations = (
				99114C9D1B34AF96002E7FC5 /* Debug */,
				99114C9E1B34AF96002E7FC5 /* Release */,
			);
			defaultConfigurationIsVisible = 0;
			defaultConfigurationName = Release;
		};
		99114C9F1B34AF96002E7FC5 /* Build configuration list for PBXNativeTarget "BekantTests" */ = {
			isa = XCConfigurationList;
			buildConfigurations = (
				99114CA01B34AF96002E7FC5 /* Debug */,
				99114CA11B34AF96002E7FC5 /* Release */,
			);
			defaultConfigurationIsVisible = 0;
			defaultConfigurationName = Release;
		};
/* End XCConfigurationList section */
	};
	rootObject = 99114C7A1B34AF95002E7FC5 /* Project object */;
}
